
Microsoft Visual Studio Solution File, Format Version 12.00
# Visual Studio 2012
Project("{FAE04EC0-301F-11D3-BF4B-00C04F79EFBC}") = "Kidz", "Kidz\Kidz.csproj", "{C991B56A-D162-40E5-847A-17D2319E684B}"
EndProject
Global
	GlobalSection(SolutionConfigurationPlatforms) = preSolution
		Debug|iPhoneSimulator = Debug|iPhoneSimulator
		Release|iPhoneSimulator = Release|iPhoneSimulator
		Debug|iPhone = Debug|iPhone
		Release|iPhone = Release|iPhone
		Ad-Hoc|iPhone = Ad-Hoc|iPhone
		AppStore|iPhone = AppStore|iPhone
	EndGlobalSection
	GlobalSection(ProjectConfigurationPlatforms) = postSolution
		{C991B56A-D162-40E5-847A-17D2319E684B}.Ad-Hoc|iPhone.ActiveCfg = Ad-Hoc|iPhone
		{C991B56A-D162-40E5-847A-17D2319E684B}.Ad-Hoc|iPhone.Build.0 = Ad-Hoc|iPhone
		{C991B56A-D162-40E5-847A-17D2319E684B}.AppStore|iPhone.ActiveCfg = AppStore|iPhone
		{C991B56A-D162-40E5-847A-17D2319E684B}.AppStore|iPhone.Build.0 = AppStore|iPhone
		{C991B56A-D162-40E5-847A-17D2319E684B}.Debug|iPhone.ActiveCfg = Debug|iPhone
		{C991B56A-D162-40E5-847A-17D2319E684B}.Debug|iPhone.Build.0 = Debug|iPhone
		{C991B56A-D162-40E5-847A-17D2319E684B}.Debug|iPhoneSimulator.ActiveCfg = Debug|iPhoneSimulator
		{C991B56A-D162-40E5-847A-17D2319E684B}.Debug|iPhoneSimulator.Build.0 = Debug|iPhoneSimulator
		{C991B56A-D162-40E5-847A-17D2319E684B}.Release|iPhone.ActiveCfg = Release|iPhone
		{C991B56A-D162-40E5-847A-17D2319E684B}.Release|iPhone.Build.0 = Release|iPhone
		{C991B56A-D162-40E5-847A-17D2319E684B}.Release|iPhoneSimulator.ActiveCfg = Release|iPhoneSimulator
		{C991B56A-D162-40E5-847A-17D2319E684B}.Release|iPhoneSimulator.Build.0 = Release|iPhoneSimulator
	EndGlobalSection
	GlobalSection(MonoDevelopProperties) = preSolution
		StartupItem = Kidz\Kidz.csproj
	EndGlobalSection
EndGlobal
