
Microsoft Visual Studio Solution File, Format Version 11.00
# Visual Studio 2010
Project("{FAE04EC0-301F-11D3-BF4B-00C04F79EFBC}") = "SyncSample_UI_Android", "SyncSample_UI_Android\SyncSample_UI_Android.csproj", "{D9347D5D-7C58-4B80-8593-983952169491}"
EndProject
Project("{FAE04EC0-301F-11D3-BF4B-00C04F79EFBC}") = "SyncSample_Core_Android", "SyncSample_Core\SyncSample_Core_Android.csproj", "{2F3CF4EF-0AC7-4AD7-9F74-3D943609B7E6}"
EndProject
Global
	GlobalSection(SolutionConfigurationPlatforms) = preSolution
		Debug|Any CPU = Debug|Any CPU
		Release|Any CPU = Release|Any CPU
	EndGlobalSection
	GlobalSection(ProjectConfigurationPlatforms) = postSolution
		{2F3CF4EF-0AC7-4AD7-9F74-3D943609B7E6}.Debug|Any CPU.ActiveCfg = Debug|Any CPU
		{2F3CF4EF-0AC7-4AD7-9F74-3D943609B7E6}.Debug|Any CPU.Build.0 = Debug|Any CPU
		{2F3CF4EF-0AC7-4AD7-9F74-3D943609B7E6}.Release|Any CPU.ActiveCfg = Release|Any CPU
		{2F3CF4EF-0AC7-4AD7-9F74-3D943609B7E6}.Release|Any CPU.Build.0 = Release|Any CPU
		{D9347D5D-7C58-4B80-8593-983952169491}.Debug|Any CPU.ActiveCfg = Debug|Any CPU
		{D9347D5D-7C58-4B80-8593-983952169491}.Debug|Any CPU.Build.0 = Debug|Any CPU
		{D9347D5D-7C58-4B80-8593-983952169491}.Release|Any CPU.ActiveCfg = Release|Any CPU
		{D9347D5D-7C58-4B80-8593-983952169491}.Release|Any CPU.Build.0 = Release|Any CPU
	EndGlobalSection
	GlobalSection(MonoDevelopProperties) = preSolution
		StartupItem = SyncSample_UI_Android\SyncSample_UI_Android.csproj
	EndGlobalSection
EndGlobal
